
Microsoft Visual Studio Solution File, Format Version 11.00
# Visual C++ Express 2010
Project("{8BC9CEB8-8B4A-11D0-8D11-00A0C91BC942}") = "SRV_L3", "SRV_L3\SRV_L3.vcxproj", "{A5129DD1-CADD-42E6-9B05-9CB0F69B37A7}"
EndProject
Global
	GlobalSection(SolutionConfigurationPlatforms) = preSolution
		Debug|Win32 = Debug|Win32
		Release|Win32 = Release|Win32
	EndGlobalSection
	GlobalSection(ProjectConfigurationPlatforms) = postSolution
		{A5129DD1-CADD-42E6-9B05-9CB0F69B37A7}.Debug|Win32.ActiveCfg = Debug|Win32
		{A5129DD1-CADD-42E6-9B05-9CB0F69B37A7}.Debug|Win32.Build.0 = Debug|Win32
		{A5129DD1-CADD-42E6-9B05-9CB0F69B37A7}.Release|Win32.ActiveCfg = Release|Win32
		{A5129DD1-CADD-42E6-9B05-9CB0F69B37A7}.Release|Win32.Build.0 = Release|Win32
	EndGlobalSection
	GlobalSection(SolutionProperties) = preSolution
		HideSolutionNode = FALSE
	EndGlobalSection
EndGlobal
